
Microsoft Visual Studio Solution File, Format Version 12.00
# Visual Studio Version 17
VisualStudioVersion = 17.4.33213.308
MinimumVisualStudioVersion = 10.0.40219.1
Project("{FAE04EC0-301F-11D3-BF4B-00C04F79EFBC}") = "TNArch.DistributedConcurrency.Core", "TNArch.DistributedConcurrency.Core\TNArch.DistributedConcurrency.Core.csproj", "{C3CC1B70-F76B-480C-B62F-4A43AF9FD950}"
EndProject
Project("{FAE04EC0-301F-11D3-BF4B-00C04F79EFBC}") = "TNArch.DistributedConcurrency.Demo", "TNArch.DistributedConcurrency.Demo\TNArch.DistributedConcurrency.Demo.csproj", "{9995DF26-7233-4806-95B1-ADE5CECD2C0E}"
EndProject
Global
	GlobalSection(SolutionConfigurationPlatforms) = preSolution
		Debug|Any CPU = Debug|Any CPU
		Release|Any CPU = Release|Any CPU
	EndGlobalSection
	GlobalSection(ProjectConfigurationPlatforms) = postSolution
		{C3CC1B70-F76B-480C-B62F-4A43AF9FD950}.Debug|Any CPU.ActiveCfg = Debug|Any CPU
		{C3CC1B70-F76B-480C-B62F-4A43AF9FD950}.Debug|Any CPU.Build.0 = Debug|Any CPU
		{C3CC1B70-F76B-480C-B62F-4A43AF9FD950}.Release|Any CPU.ActiveCfg = Release|Any CPU
		{C3CC1B70-F76B-480C-B62F-4A43AF9FD950}.Release|Any CPU.Build.0 = Release|Any CPU
		{9995DF26-7233-4806-95B1-ADE5CECD2C0E}.Debug|Any CPU.ActiveCfg = Debug|Any CPU
		{9995DF26-7233-4806-95B1-ADE5CECD2C0E}.Debug|Any CPU.Build.0 = Debug|Any CPU
		{9995DF26-7233-4806-95B1-ADE5CECD2C0E}.Release|Any CPU.ActiveCfg = Release|Any CPU
		{9995DF26-7233-4806-95B1-ADE5CECD2C0E}.Release|Any CPU.Build.0 = Release|Any CPU
	EndGlobalSection
	GlobalSection(SolutionProperties) = preSolution
		HideSolutionNode = FALSE
	EndGlobalSection
	GlobalSection(ExtensibilityGlobals) = postSolution
		SolutionGuid = {DFFB9A13-D8B3-4585-9617-700AA0CB47B9}
	EndGlobalSection
EndGlobal
